# THIS IS AN AUTOGENERATED FILE. DO NOT EDIT THIS FILE DIRECTLY.
# yarn lockfile v1


bcryptjs@^2.4.3:
  version "2.4.3"
  resolved "https://registry.yarnpkg.com/bcryptjs/-/bcryptjs-2.4.3.tgz#9ab5627b93e60621ff7cdac5da9733027df1d0cb"
  integrity sha512-V/Hy/X9Vt7f3BbPJEi8BdVFMByHi+jNXrYkW3huaybV/kQ0KJg0Y6PkEMbn+zeT+i+SiKZ/HMqJGIIt4LZDqNQ==

nanoid@^5.0.7:
  version "5.0.7"
  resolved "https://registry.yarnpkg.com/nanoid/-/nanoid-5.0.7.tgz#6452e8c5a816861fd9d2b898399f7e5fd6944cc6"
  integrity sha512-oLxFY2gd2IqnjcYyOXD8XGCftpGtZP2AbHbOkthDkvRywH5ayNtPVy9YlOPcHckXzbLTCHpkb7FB+yuxKV13pQ==

uuid@^9.0.1:
  version "9.0.1"
  resolved "https://registry.yarnpkg.com/uuid/-/uuid-9.0.1.tgz#e188d4c8853cc722220392c424cd637f32293f30"
  integrity sha512-b+1eJOlsR9K8HJpow9Ok3fiWOWSIcIzXodvv0rQjVoOVNpWMpxf1wZNpt4y9h10odCNrqnYp1OBzRktckBe3sA==
